
Microsoft Visual Studio Solution File, Format Version 12.00
# Visual Studio Version 16
VisualStudioVersion = 16.0.30002.166
MinimumVisualStudioVersion = 10.0.40219.1
Project("{FAE04EC0-301F-11D3-BF4B-00C04F79EFBC}") = "UI", "FaceBook Application WForms\UI.csproj", "{978E0428-DE9D-405D-93FF-C25B8B58EF73}"
EndProject
Project("{FAE04EC0-301F-11D3-BF4B-00C04F79EFBC}") = "Logic", "Logic\Logic.csproj", "{5906DDEC-4F4C-4389-B1C2-E3642E5B430D}"
EndProject
Project("{2150E333-8FDC-42A3-9474-1A3956D46DE8}") = "Solution Items", "Solution Items", "{37A8C39F-C915-4EF2-8037-F586CC0221FC}"
	ProjectSection(SolutionItems) = preProject
		readme.txt = readme.txt
	EndProjectSection
EndProject
Global
	GlobalSection(SolutionConfigurationPlatforms) = preSolution
		Debug|Any CPU = Debug|Any CPU
		Release|Any CPU = Release|Any CPU
	EndGlobalSection
	GlobalSection(ProjectConfigurationPlatforms) = postSolution
		{978E0428-DE9D-405D-93FF-C25B8B58EF73}.Debug|Any CPU.ActiveCfg = Debug|Any CPU
		{978E0428-DE9D-405D-93FF-C25B8B58EF73}.Debug|Any CPU.Build.0 = Debug|Any CPU
		{978E0428-DE9D-405D-93FF-C25B8B58EF73}.Release|Any CPU.ActiveCfg = Release|Any CPU
		{978E0428-DE9D-405D-93FF-C25B8B58EF73}.Release|Any CPU.Build.0 = Release|Any CPU
		{5906DDEC-4F4C-4389-B1C2-E3642E5B430D}.Debug|Any CPU.ActiveCfg = Debug|Any CPU
		{5906DDEC-4F4C-4389-B1C2-E3642E5B430D}.Debug|Any CPU.Build.0 = Debug|Any CPU
		{5906DDEC-4F4C-4389-B1C2-E3642E5B430D}.Release|Any CPU.ActiveCfg = Release|Any CPU
		{5906DDEC-4F4C-4389-B1C2-E3642E5B430D}.Release|Any CPU.Build.0 = Release|Any CPU
	EndGlobalSection
	GlobalSection(SolutionProperties) = preSolution
		HideSolutionNode = FALSE
	EndGlobalSection
	GlobalSection(ExtensibilityGlobals) = postSolution
		SolutionGuid = {361EE775-637E-4C2D-BF11-46430E979167}
	EndGlobalSection
EndGlobal
